
Microsoft Visual Studio Solution File, Format Version 12.00
# Visual Studio 2013
VisualStudioVersion = 12.0.30723.0
MinimumVisualStudioVersion = 10.0.40219.1
Project("{FAE04EC0-301F-11D3-BF4B-00C04F79EFBC}") = "TeamProjectHse272-2", "TeamProjectHse272-2\TeamProjectHse272-2.csproj", "{C257A68F-56F6-4A9C-B036-2128ABA9E6B6}"
EndProject
Project("{FAE04EC0-301F-11D3-BF4B-00C04F79EFBC}") = "TeamProjectHse272-2.Data", "TeamProjectHse272-2.Data\TeamProjectHse272-2.Data.csproj", "{7AD9DF1A-C708-4A64-81AC-FA97E98D040D}"
EndProject
Project("{FAE04EC0-301F-11D3-BF4B-00C04F79EFBC}") = "TeamProjectHse272-2.Data.Tests", "TeamProjectHse272-2.Data.Tests\TeamProjectHse272-2.Data.Tests.csproj", "{814D55C8-E036-4E64-89B2-457B8D4E3746}"
EndProject
Global
	GlobalSection(SolutionConfigurationPlatforms) = preSolution
		Debug|Any CPU = Debug|Any CPU
		Release|Any CPU = Release|Any CPU
	EndGlobalSection
	GlobalSection(ProjectConfigurationPlatforms) = postSolution
		{C257A68F-56F6-4A9C-B036-2128ABA9E6B6}.Debug|Any CPU.ActiveCfg = Debug|Any CPU
		{C257A68F-56F6-4A9C-B036-2128ABA9E6B6}.Debug|Any CPU.Build.0 = Debug|Any CPU
		{C257A68F-56F6-4A9C-B036-2128ABA9E6B6}.Release|Any CPU.ActiveCfg = Release|Any CPU
		{C257A68F-56F6-4A9C-B036-2128ABA9E6B6}.Release|Any CPU.Build.0 = Release|Any CPU
		{7AD9DF1A-C708-4A64-81AC-FA97E98D040D}.Debug|Any CPU.ActiveCfg = Debug|Any CPU
		{7AD9DF1A-C708-4A64-81AC-FA97E98D040D}.Debug|Any CPU.Build.0 = Debug|Any CPU
		{7AD9DF1A-C708-4A64-81AC-FA97E98D040D}.Release|Any CPU.ActiveCfg = Release|Any CPU
		{7AD9DF1A-C708-4A64-81AC-FA97E98D040D}.Release|Any CPU.Build.0 = Release|Any CPU
		{814D55C8-E036-4E64-89B2-457B8D4E3746}.Debug|Any CPU.ActiveCfg = Debug|Any CPU
		{814D55C8-E036-4E64-89B2-457B8D4E3746}.Debug|Any CPU.Build.0 = Debug|Any CPU
		{814D55C8-E036-4E64-89B2-457B8D4E3746}.Release|Any CPU.ActiveCfg = Release|Any CPU
		{814D55C8-E036-4E64-89B2-457B8D4E3746}.Release|Any CPU.Build.0 = Release|Any CPU
	EndGlobalSection
	GlobalSection(SolutionProperties) = preSolution
		HideSolutionNode = FALSE
	EndGlobalSection
EndGlobal
